// !$*UTF8*$!
{
	archiveVersion = 1;
	classes = {
	};
	objectVersion = 50;
	objects = {

/* Begin PBXBuildFile section */
		F260BBD424A047A000D82AC8 /* AppDelegate.swift in Sources */ = {isa = PBXBuildFile; fileRef = F260BBD324A047A000D82AC8 /* AppDelegate.swift */; };
		F260BBD624A047A000D82AC8 /* SceneDelegate.swift in Sources */ = {isa = PBXBuildFile; fileRef = F260BBD524A047A000D82AC8 /* SceneDelegate.swift */; };
		F260BBD924A047A000D82AC8 /* DesignPatterns.xcdatamodeld in Sources */ = {isa = PBXBuildFile; fileRef = F260BBD724A047A000D82AC8 /* DesignPatterns.xcdatamodeld */; };
		F260BBDB24A047A000D82AC8 /* ContentView.swift in Sources */ = {isa = PBXBuildFile; fileRef = F260BBDA24A047A000D82AC8 /* ContentView.swift */; };
		F260BBDD24A047A200D82AC8 /* Assets.xcassets in Resources */ = {isa = PBXBuildFile; fileRef = F260BBDC24A047A200D82AC8 /* Assets.xcassets */; };
		F260BBE024A047A200D82AC8 /* Preview Assets.xcassets in Resources */ = {isa = PBXBuildFile; fileRef = F260BBDF24A047A200D82AC8 /* Preview Assets.xcassets */; };
		F260BBE324A047A200D82AC8 /* LaunchScreen.storyboard in Resources */ = {isa = PBXBuildFile; fileRef = F260BBE124A047A200D82AC8 /* LaunchScreen.storyboard */; };
		F260BBEE24A047A300D82AC8 /* DesignPatternsTests.swift in Sources */ = {isa = PBXBuildFile; fileRef = F260BBED24A047A300D82AC8 /* DesignPatternsTests.swift */; };
		F260BBF924A047A300D82AC8 /* DesignPatternsUITests.swift in Sources */ = {isa = PBXBuildFile; fileRef = F260BBF824A047A300D82AC8 /* DesignPatternsUITests.swift */; };
/* End PBXBuildFile section */

/* Begin PBXContainerItemProxy section */
		F260BBEA24A047A300D82AC8 /* PBXContainerItemProxy */ = {
			isa = PBXContainerItemProxy;
			containerPortal = F260BBC824A047A000D82AC8 /* Project object */;
			proxyType = 1;
			remoteGlobalIDString = F260BBCF24A047A000D82AC8;
			remoteInfo = DesignPatterns;
		};
		F260BBF524A047A300D82AC8 /* PBXContainerItemProxy */ = {
			isa = PBXContainerItemProxy;
			containerPortal = F260BBC824A047A000D82AC8 /* Project object */;
			proxyType = 1;
			remoteGlobalIDString = F260BBCF24A047A000D82AC8;
			remoteInfo = DesignPatterns;
		};
/* End PBXContainerItemProxy section */

/* Begin PBXFileReference section */
		F260BBD024A047A000D82AC8 /* DesignPatterns.app */ = {isa = PBXFileReference; explicitFileType = wrapper.application; includeInIndex = 0; path = DesignPatterns.app; sourceTree = BUILT_PRODUCTS_DIR; };
		F260BBD324A047A000D82AC8 /* AppDelegate.swift */ = {isa = PBXFileReference; lastKnownFileType = sourcecode.swift; path = AppDelegate.swift; sourceTree = "<group>"; };
		F260BBD524A047A000D82AC8 /* SceneDelegate.swift */ = {isa = PBXFileReference; lastKnownFileType = sourcecode.swift; path = SceneDelegate.swift; sourceTree = "<group>"; };
		F260BBD824A047A000D82AC8 /* DesignPatterns.xcdatamodel */ = {isa = PBXFileReference; lastKnownFileType = wrapper.xcdatamodel; path = DesignPatterns.xcdatamodel; sourceTree = "<group>"; };
		F260BBDA24A047A000D82AC8 /* ContentView.swift */ = {isa = PBXFileReference; lastKnownFileType = sourcecode.swift; path = ContentView.swift; sourceTree = "<group>"; };
		F260BBDC24A047A200D82AC8 /* Assets.xcassets */ = {isa = PBXFileReference; lastKnownFileType = folder.assetcatalog; path = Assets.xcassets; sourceTree = "<group>"; };
		F260BBDF24A047A200D82AC8 /* Preview Assets.xcassets */ = {isa = PBXFileReference; lastKnownFileType = folder.assetcatalog; path = "Preview Assets.xcassets"; sourceTree = "<group>"; };
		F260BBE224A047A200D82AC8 /* Base */ = {isa = PBXFileReference; lastKnownFileType = file.storyboard; name = Base; path = Base.lproj/LaunchScreen.storyboard; sourceTree = "<group>"; };
		F260BBE424A047A200D82AC8 /* Info.plist */ = {isa = PBXFileReference; lastKnownFileType = text.plist.xml; path = Info.plist; sourceTree = "<group>"; };
		F260BBE924A047A300D82AC8 /* DesignPatternsTests.xctest */ = {isa = PBXFileReference; explicitFileType = wrapper.cfbundle; includeInIndex = 0; path = DesignPatternsTests.xctest; sourceTree = BUILT_PRODUCTS_DIR; };
		F260BBED24A047A300D82AC8 /* DesignPatternsTests.swift */ = {isa = PBXFileReference; lastKnownFileType = sourcecode.swift; path = DesignPatternsTests.swift; sourceTree = "<group>"; };
		F260BBEF24A047A300D82AC8 /* Info.plist */ = {isa = PBXFileReference; lastKnownFileType = text.plist.xml; path = Info.plist; sourceTree = "<group>"; };
		F260BBF424A047A300D82AC8 /* DesignPatternsUITests.xctest */ = {isa = PBXFileReference; explicitFileType = wrapper.cfbundle; includeInIndex = 0; path = DesignPatternsUITests.xctest; sourceTree = BUILT_PRODUCTS_DIR; };
		F260BBF824A047A300D82AC8 /* DesignPatternsUITests.swift */ = {isa = PBXFileReference; lastKnownFileType = sourcecode.swift; path = DesignPatternsUITests.swift; sourceTree = "<group>"; };
		F260BBFA24A047A300D82AC8 /* Info.plist */ = {isa = PBXFileReference; lastKnownFileType = text.plist.xml; path = Info.plist; sourceTree = "<group>"; };
/* End PBXFileReference section */

/* Begin PBXFrameworksBuildPhase section */
		F260BBCD24A047A000D82AC8 /* Frameworks */ = {
			isa = PBXFrameworksBuildPhase;
			buildActionMask = 2147483647;
			files = (
			);
			runOnlyForDeploymentPostprocessing = 0;
		};
		F260BBE624A047A300D82AC8 /* Frameworks */ = {
			isa = PBXFrameworksBuildPhase;
			buildActionMask = 2147483647;
			files = (
			);
			runOnlyForDeploymentPostprocessing = 0;
		};
		F260BBF124A047A300D82AC8 /* Frameworks */ = {
			isa = PBXFrameworksBuildPhase;
			buildActionMask = 2147483647;
			files = (
			);
			runOnlyForDeploymentPostprocessing = 0;
		};
/* End PBXFrameworksBuildPhase section */

/* Begin PBXGroup section */
		F260BBC724A047A000D82AC8 = {
			isa = PBXGroup;
			children = (
				F260BBD224A047A000D82AC8 /* DesignPatterns */,
				F260BBEC24A047A300D82AC8 /* DesignPatternsTests */,
				F260BBF724A047A300D82AC8 /* DesignPatternsUITests */,
				F260BBD124A047A000D82AC8 /* Products */,
			);
			sourceTree = "<group>";
		};
		F260BBD124A047A000D82AC8 /* Products */ = {
			isa = PBXGroup;
			children = (
				F260BBD024A047A000D82AC8 /* DesignPatterns.app */,
				F260BBE924A047A300D82AC8 /* DesignPatternsTests.xctest */,
				F260BBF424A047A300D82AC8 /* DesignPatternsUITests.xctest */,
			);
			name = Products;
			sourceTree = "<group>";
		};
		F260BBD224A047A000D82AC8 /* DesignPatterns */ = {
			isa = PBXGroup;
			children = (
				F260BBD324A047A000D82AC8 /* AppDelegate.swift */,
				F260BBD524A047A000D82AC8 /* SceneDelegate.swift */,
				F260BBDA24A047A000D82AC8 /* ContentView.swift */,
				F260BBDC24A047A200D82AC8 /* Assets.xcassets */,
				F260BBE124A047A200D82AC8 /* LaunchScreen.storyboard */,
				F260BBE424A047A200D82AC8 /* Info.plist */,
				F260BBD724A047A000D82AC8 /* DesignPatterns.xcdatamodeld */,
				F260BBDE24A047A200D82AC8 /* Preview Content */,
			);
			path = DesignPatterns;
			sourceTree = "<group>";
		};
		F260BBDE24A047A200D82AC8 /* Preview Content */ = {
			isa = PBXGroup;
			children = (
				F260BBDF24A047A200D82AC8 /* Preview Assets.xcassets */,
			);
			path = "Preview Content";
			sourceTree = "<group>";
		};
		F260BBEC24A047A300D82AC8 /* DesignPatternsTests */ = {
			isa = PBXGroup;
			children = (
				F260BBED24A047A300D82AC8 /* DesignPatternsTests.swift */,
				F260BBEF24A047A300D82AC8 /* Info.plist */,
			);
			path = DesignPatternsTests;
			sourceTree = "<group>";
		};
		F260BBF724A047A300D82AC8 /* DesignPatternsUITests */ = {
			isa = PBXGroup;
			children = (
				F260BBF824A047A300D82AC8 /* DesignPatternsUITests.swift */,
				F260BBFA24A047A300D82AC8 /* Info.plist */,
			);
			path = DesignPatternsUITests;
			sourceTree = "<group>";
		};
/* End PBXGroup section */

/* Begin PBXNativeTarget section */
		F260BBCF24A047A000D82AC8 /* DesignPatterns */ = {
			isa = PBXNativeTarget;
			buildConfigurationList = F260BBFD24A047A300D82AC8 /* Build configuration list for PBXNativeTarget "DesignPatterns" */;
			buildPhases = (
				F260BBCC24A047A000D82AC8 /* Sources */,
				F260BBCD24A047A000D82AC8 /* Frameworks */,
				F260BBCE24A047A000D82AC8 /* Resources */,
			);
			buildRules = (
			);
			dependencies = (
			);
			name = DesignPatterns;
			productName = DesignPatterns;
			productReference = F260BBD024A047A000D82AC8 /* DesignPatterns.app */;
			productType = "com.apple.product-type.application";
		};
		F260BBE824A047A300D82AC8 /* DesignPatternsTests */ = {
			isa = PBXNativeTarget;
			buildConfigurationList = F260BC0024A047A300D82AC8 /* Build configuration list for PBXNativeTarget "DesignPatternsTests" */;
			buildPhases = (
				F260BBE524A047A300D82AC8 /* Sources */,
				F260BBE624A047A300D82AC8 /* Frameworks */,
				F260BBE724A047A300D82AC8 /* Resources */,
			);
			buildRules = (
			);
			dependencies = (
				F260BBEB24A047A300D82AC8 /* PBXTargetDependency */,
			);
			name = DesignPatternsTests;
			productName = DesignPatternsTests;
			productReference = F260BBE924A047A300D82AC8 /* DesignPatternsTests.xctest */;
			productType = "com.apple.product-type.bundle.unit-test";
		};
		F260BBF324A047A300D82AC8 /* DesignPatternsUITests */ = {
			isa = PBXNativeTarget;
			buildConfigurationList = F260BC0324A047A300D82AC8 /* Build configuration list for PBXNativeTarget "DesignPatternsUITests" */;
			buildPhases = (
				F260BBF024A047A300D82AC8 /* Sources */,
				F260BBF124A047A300D82AC8 /* Frameworks */,
				F260BBF224A047A300D82AC8 /* Resources */,
			);
			buildRules = (
			);
			dependencies = (
				F260BBF624A047A300D82AC8 /* PBXTargetDependency */,
			);
			name = DesignPatternsUITests;
			productName = DesignPatternsUITests;
			productReference = F260BBF424A047A300D82AC8 /* DesignPatternsUITests.xctest */;
			productType = "com.apple.product-type.bundle.ui-testing";
		};
/* End PBXNativeTarget section */

/* Begin PBXProject section */
		F260BBC824A047A000D82AC8 /* Project object */ = {
			isa = PBXProject;
			attributes = {
				LastSwiftUpdateCheck = 1150;
				LastUpgradeCheck = 1150;
				ORGANIZATIONNAME = "刘宏立";
				TargetAttributes = {
					F260BBCF24A047A000D82AC8 = {
						CreatedOnToolsVersion = 11.5;
					};
					F260BBE824A047A300D82AC8 = {
						CreatedOnToolsVersion = 11.5;
						TestTargetID = F260BBCF24A047A000D82AC8;
					};
					F260BBF324A047A300D82AC8 = {
						CreatedOnToolsVersion = 11.5;
						TestTargetID = F260BBCF24A047A000D82AC8;
					};
				};
			};
			buildConfigurationList = F260BBCB24A047A000D82AC8 /* Build configuration list for PBXProject "DesignPatterns" */;
			compatibilityVersion = "Xcode 9.3";
			developmentRegion = en;
			hasScannedForEncodings = 0;
			knownRegions = (
				en,
				Base,
			);
			mainGroup = F260BBC724A047A000D82AC8;
			productRefGroup = F260BBD124A047A000D82AC8 /* Products */;
			projectDirPath = "";
			projectRoot = "";
			targets = (
				F260BBCF24A047A000D82AC8 /* DesignPatterns */,
				F260BBE824A047A300D82AC8 /* DesignPatternsTests */,
				F260BBF324A047A300D82AC8 /* DesignPatternsUITests */,
			);
		};
/* End PBXProject section */

/* Begin PBXResourcesBuildPhase section */
		F260BBCE24A047A000D82AC8 /* Resources */ = {
			isa = PBXResourcesBuildPhase;
			buildActionMask = 2147483647;
			files = (
				F260BBE324A047A200D82AC8 /* LaunchScreen.storyboard in Resources */,
				F260BBE024A047A200D82AC8 /* Preview Assets.xcassets in Resources */,
				F260BBDD24A047A200D82AC8 /* Assets.xcassets in Resources */,
			);
			runOnlyForDeploymentPostprocessing = 0;
		};
		F260BBE724A047A300D82AC8 /* Resources */ = {
			isa = PBXResourcesBuildPhase;
			buildActionMask = 2147483647;
			files = (
			);
			runOnlyForDeploymentPostprocessing = 0;
		};
		F260BBF224A047A300D82AC8 /* Resources */ = {
			isa = PBXResourcesBuildPhase;
			buildActionMask = 2147483647;
			files = (
			);
			runOnlyForDeploymentPostprocessing = 0;
		};
/* End PBXResourcesBuildPhase section */

/* Begin PBXSourcesBuildPhase section */
		F260BBCC24A047A000D82AC8 /* Sources */ = {
			isa = PBXSourcesBuildPhase;
			buildActionMask = 2147483647;
			files = (
				F260BBD424A047A000D82AC8 /* AppDelegate.swift in Sources */,
				F260BBD924A047A000D82AC8 /* DesignPatterns.xcdatamodeld in Sources */,
				F260BBDB24A047A000D82AC8 /* ContentView.swift in Sources */,
				F260BBD624A047A000D82AC8 /* SceneDelegate.swift in Sources */,
			);
			runOnlyForDeploymentPostprocessing = 0;
		};
		F260BBE524A047A300D82AC8 /* Sources */ = {
			isa = PBXSourcesBuildPhase;
			buildActionMask = 2147483647;
			files = (
				F260BBEE24A047A300D82AC8 /* DesignPatternsTests.swift in Sources */,
			);
			runOnlyForDeploymentPostprocessing = 0;
		};
		F260BBF024A047A300D82AC8 /* Sources */ = {
			isa = PBXSourcesBuildPhase;
			buildActionMask = 2147483647;
			files = (
				F260BBF924A047A300D82AC8 /* DesignPatternsUITests.swift in Sources */,
			);
			runOnlyForDeploymentPostprocessing = 0;
		};
/* End PBXSourcesBuildPhase section */

/* Begin PBXTargetDependency section */
		F260BBEB24A047A300D82AC8 /* PBXTargetDependency */ = {
			isa = PBXTargetDependency;
			target = F260BBCF24A047A000D82AC8 /* DesignPatterns */;
			targetProxy = F260BBEA24A047A300D82AC8 /* PBXContainerItemProxy */;
		};
		F260BBF624A047A300D82AC8 /* PBXTargetDependency */ = {
			isa = PBXTargetDependency;
			target = F260BBCF24A047A000D82AC8 /* DesignPatterns */;
			targetProxy = F260BBF524A047A300D82AC8 /* PBXContainerItemProxy */;
		};
/* End PBXTargetDependency section */

/* Begin PBXVariantGroup section */
		F260BBE124A047A200D82AC8 /* LaunchScreen.storyboard */ = {
			isa = PBXVariantGroup;
			children = (
				F260BBE224A047A200D82AC8 /* Base */,
			);
			name = LaunchScreen.storyboard;
			sourceTree = "<group>";
		};
/* End PBXVariantGroup section */

/* Begin XCBuildConfiguration section */
		F260BBFB24A047A300D82AC8 /* Debug */ = {
			isa = XCBuildConfiguration;
			buildSettings = {
				ALWAYS_SEARCH_USER_PATHS = NO;
				CLANG_ANALYZER_NONNULL = YES;
				CLANG_ANALYZER_NUMBER_OBJECT_CONVERSION = YES_AGGRESSIVE;
				CLANG_CXX_LANGUAGE_STANDARD = "gnu++14";
				CLANG_CXX_LIBRARY = "libc++";
				CLANG_ENABLE_MODULES = YES;
				CLANG_ENABLE_OBJC_ARC = YES;
				CLANG_ENABLE_OBJC_WEAK = YES;
				CLANG_WARN_BLOCK_CAPTURE_AUTORELEASING = YES;
				CLANG_WARN_BOOL_CONVERSION = YES;
				CLANG_WARN_COMMA = YES;
				CLANG_WARN_CONSTANT_CONVERSION = YES;
				CLANG_WARN_DEPRECATED_OBJC_IMPLEMENTATIONS = YES;
				CLANG_WARN_DIRECT_OBJC_ISA_USAGE = YES_ERROR;
				CLANG_WARN_DOCUMENTATION_COMMENTS = YES;
				CLANG_WARN_EMPTY_BODY = YES;
				CLANG_WARN_ENUM_CONVERSION = YES;
				CLANG_WARN_INFINITE_RECURSION = YES;
				CLANG_WARN_INT_CONVERSION = YES;
				CLANG_WARN_NON_LITERAL_NULL_CONVERSION = YES;
				CLANG_WARN_OBJC_IMPLICIT_RETAIN_SELF = YES;
				CLANG_WARN_OBJC_LITERAL_CONVERSION = YES;
				CLANG_WARN_OBJC_ROOT_CLASS = YES_ERROR;
				CLANG_WARN_RANGE_LOOP_ANALYSIS = YES;
				CLANG_WARN_STRICT_PROTOTYPES = YES;
				CLANG_WARN_SUSPICIOUS_MOVE = YES;
				CLANG_WARN_UNGUARDED_AVAILABILITY = YES_AGGRESSIVE;
				CLANG_WARN_UNREACHABLE_CODE = YES;
				CLANG_WARN__DUPLICATE_METHOD_MATCH = YES;
				COPY_PHASE_STRIP = NO;
				DEBUG_INFORMATION_FORMAT = dwarf;
				ENABLE_STRICT_OBJC_MSGSEND = YES;
				ENABLE_TESTABILITY = YES;
				GCC_C_LANGUAGE_STANDARD = gnu11;
				GCC_DYNAMIC_NO_PIC = NO;
				GCC_NO_COMMON_BLOCKS = YES;
				GCC_OPTIMIZATION_LEVEL = 0;
				GCC_PREPROCESSOR_DEFINITIONS = (
					"DEBUG=1",
					"$(inherited)",
				);
				GCC_WARN_64_TO_32_BIT_CONVERSION = YES;
				GCC_WARN_ABOUT_RETURN_TYPE = YES_ERROR;
				GCC_WARN_UNDECLARED_SELECTOR = YES;
				GCC_WARN_UNINITIALIZED_AUTOS = YES_AGGRESSIVE;
				GCC_WARN_UNUSED_FUNCTION = YES;
				GCC_WARN_UNUSED_VARIABLE = YES;
				IPHONEOS_DEPLOYMENT_TARGET = 13.5;
				MTL_ENABLE_DEBUG_INFO = INCLUDE_SOURCE;
				MTL_FAST_MATH = YES;
				ONLY_ACTIVE_ARCH = YES;
				SDKROOT = iphoneos;
				SWIFT_ACTIVE_COMPILATION_CONDITIONS = DEBUG;
				SWIFT_OPTIMIZATION_LEVEL = "-Onone";
			};
			name = Debug;
		};
		F260BBFC24A047A300D82AC8 /* Release */ = {
			isa = XCBuildConfiguration;
			buildSettings = {
				ALWAYS_SEARCH_USER_PATHS = NO;
				CLANG_ANALYZER_NONNULL = YES;
				CLANG_ANALYZER_NUMBER_OBJECT_CONVERSION = YES_AGGRESSIVE;
				CLANG_CXX_LANGUAGE_STANDARD = "gnu++14";
				CLANG_CXX_LIBRARY = "libc++";
				CLANG_ENABLE_MODULES = YES;
				CLANG_ENABLE_OBJC_ARC = YES;
				CLANG_ENABLE_OBJC_WEAK = YES;
				CLANG_WARN_BLOCK_CAPTURE_AUTORELEASING = YES;
				CLANG_WARN_BOOL_CONVERSION = YES;
				CLANG_WARN_COMMA = YES;
				CLANG_WARN_CONSTANT_CONVERSION = YES;
				CLANG_WARN_DEPRECATED_OBJC_IMPLEMENTATIONS = YES;
				CLANG_WARN_DIRECT_OBJC_ISA_USAGE = YES_ERROR;
				CLANG_WARN_DOCUMENTATION_COMMENTS = YES;
				CLANG_WARN_EMPTY_BODY = YES;
				CLANG_WARN_ENUM_CONVERSION = YES;
				CLANG_WARN_INFINITE_RECURSION = YES;
				CLANG_WARN_INT_CONVERSION = YES;
				CLANG_WARN_NON_LITERAL_NULL_CONVERSION = YES;
				CLANG_WARN_OBJC_IMPLICIT_RETAIN_SELF = YES;
				CLANG_WARN_OBJC_LITERAL_CONVERSION = YES;
				CLANG_WARN_OBJC_ROOT_CLASS = YES_ERROR;
				CLANG_WARN_RANGE_LOOP_ANALYSIS = YES;
				CLANG_WARN_STRICT_PROTOTYPES = YES;
				CLANG_WARN_SUSPICIOUS_MOVE = YES;
				CLANG_WARN_UNGUARDED_AVAILABILITY = YES_AGGRESSIVE;
				CLANG_WARN_UNREACHABLE_CODE = YES;
				CLANG_WARN__DUPLICATE_METHOD_MATCH = YES;
				COPY_PHASE_STRIP = NO;
				DEBUG_INFORMATION_FORMAT = "dwarf-with-dsym";
				ENABLE_NS_ASSERTIONS = NO;
				ENABLE_STRICT_OBJC_MSGSEND = YES;
				GCC_C_LANGUAGE_STANDARD = gnu11;
				GCC_NO_COMMON_BLOCKS = YES;
				GCC_WARN_64_TO_32_BIT_CONVERSION = YES;
				GCC_WARN_ABOUT_RETURN_TYPE = YES_ERROR;
				GCC_WARN_UNDECLARED_SELECTOR = YES;
				GCC_WARN_UNINITIALIZED_AUTOS = YES_AGGRESSIVE;
				GCC_WARN_UNUSED_FUNCTION = YES;
				GCC_WARN_UNUSED_VARIABLE = YES;
				IPHONEOS_DEPLOYMENT_TARGET = 13.5;
				MTL_ENABLE_DEBUG_INFO = NO;
				MTL_FAST_MATH = YES;
				SDKROOT = iphoneos;
				SWIFT_COMPILATION_MODE = wholemodule;
				SWIFT_OPTIMIZATION_LEVEL = "-O";
				VALIDATE_PRODUCT = YES;
			};
			name = Release;
		};
		F260BBFE24A047A300D82AC8 /* Debug */ = {
			isa = XCBuildConfiguration;
			buildSettings = {
				ASSETCATALOG_COMPILER_APPICON_NAME = AppIcon;
				CODE_SIGN_STYLE = Automatic;
				DEVELOPMENT_ASSET_PATHS = "\"DesignPatterns/Preview Content\"";
				DEVELOPMENT_TEAM = WGTAZF6C7D;
				ENABLE_PREVIEWS = YES;
				INFOPLIST_FILE = DesignPatterns/Info.plist;
				LD_RUNPATH_SEARCH_PATHS = (
					"$(inherited)",
					"@executable_path/Frameworks",
				);
				PRODUCT_BUNDLE_IDENTIFIER = com.liuhongli.DesignPatterns;
				PRODUCT_NAME = "$(TARGET_NAME)";
				SWIFT_VERSION = 5.0;
				TARGETED_DEVICE_FAMILY = "1,2";
			};
			name = Debug;
		};
		F260BBFF24A047A300D82AC8 /* Release */ = {
			isa = XCBuildConfiguration;
			buildSettings = {
				ASSETCATALOG_COMPILER_APPICON_NAME = AppIcon;
				CODE_SIGN_STYLE = Automatic;
				DEVELOPMENT_ASSET_PATHS = "\"DesignPatterns/Preview Content\"";
				DEVELOPMENT_TEAM = WGTAZF6C7D;
				ENABLE_PREVIEWS = YES;
				INFOPLIST_FILE = DesignPatterns/Info.plist;
				LD_RUNPATH_SEARCH_PATHS = (
					"$(inherited)",
					"@executable_path/Frameworks",
				);
				PRODUCT_BUNDLE_IDENTIFIER = com.liuhongli.DesignPatterns;
				PRODUCT_NAME = "$(TARGET_NAME)";
				SWIFT_VERSION = 5.0;
				TARGETED_DEVICE_FAMILY = "1,2";
			};
			name = Release;
		};
		F260BC0124A047A300D82AC8 /* Debug */ = {
			isa = XCBuildConfiguration;
			buildSettings = {
				ALWAYS_EMBED_SWIFT_STANDARD_LIBRARIES = YES;
				BUNDLE_LOADER = "$(TEST_HOST)";
				CODE_SIGN_STYLE = Automatic;
				DEVELOPMENT_TEAM = WGTAZF6C7D;
				INFOPLIST_FILE = DesignPatternsTests/Info.plist;
				IPHONEOS_DEPLOYMENT_TARGET = 13.5;
				LD_RUNPATH_SEARCH_PATHS = (
					"$(inherited)",
					"@executable_path/Frameworks",
					"@loader_path/Frameworks",
				);
				PRODUCT_BUNDLE_IDENTIFIER = com.liuhongli.DesignPatternsTests;
				PRODUCT_NAME = "$(TARGET_NAME)";
				SWIFT_VERSION = 5.0;
				TARGETED_DEVICE_FAMILY = "1,2";
				TEST_HOST = "$(BUILT_PRODUCTS_DIR)/DesignPatterns.app/DesignPatterns";
			};
			name = Debug;
		};
		F260BC0224A047A300D82AC8 /* Release */ = {
			isa = XCBuildConfiguration;
			buildSettings = {
				ALWAYS_EMBED_SWIFT_STANDARD_LIBRARIES = YES;
				BUNDLE_LOADER = "$(TEST_HOST)";
				CODE_SIGN_STYLE = Automatic;
				DEVELOPMENT_TEAM = WGTAZF6C7D;
				INFOPLIST_FILE = DesignPatternsTests/Info.plist;
				IPHONEOS_DEPLOYMENT_TARGET = 13.5;
				LD_RUNPATH_SEARCH_PATHS = (
					"$(inherited)",
					"@executable_path/Frameworks",
					"@loader_path/Frameworks",
				);
				PRODUCT_BUNDLE_IDENTIFIER = com.liuhongli.DesignPatternsTests;
				PRODUCT_NAME = "$(TARGET_NAME)";
				SWIFT_VERSION = 5.0;
				TARGETED_DEVICE_FAMILY = "1,2";
				TEST_HOST = "$(BUILT_PRODUCTS_DIR)/DesignPatterns.app/DesignPatterns";
			};
			name = Release;
		};
		F260BC0424A047A300D82AC8 /* Debug */ = {
			isa = XCBuildConfiguration;
			buildSettings = {
				ALWAYS_EMBED_SWIFT_STANDARD_LIBRARIES = YES;
				CODE_SIGN_STYLE = Automatic;
				DEVELOPMENT_TEAM = WGTAZF6C7D;
				INFOPLIST_FILE = DesignPatternsUITests/Info.plist;
				LD_RUNPATH_SEARCH_PATHS = (
					"$(inherited)",
					"@executable_path/Frameworks",
					"@loader_path/Frameworks",
				);
				PRODUCT_BUNDLE_IDENTIFIER = com.liuhongli.DesignPatternsUITests;
				PRODUCT_NAME = "$(TARGET_NAME)";
				SWIFT_VERSION = 5.0;
				TARGETED_DEVICE_FAMILY = "1,2";
				TEST_TARGET_NAME = DesignPatterns;
			};
			name = Debug;
		};
		F260BC0524A047A300D82AC8 /* Release */ = {
			isa = XCBuildConfiguration;
			buildSettings = {
				ALWAYS_EMBED_SWIFT_STANDARD_LIBRARIES = YES;
				CODE_SIGN_STYLE = Automatic;
				DEVELOPMENT_TEAM = WGTAZF6C7D;
				INFOPLIST_FILE = DesignPatternsUITests/Info.plist;
				LD_RUNPATH_SEARCH_PATHS = (
					"$(inherited)",
					"@executable_path/Frameworks",
					"@loader_path/Frameworks",
				);
				PRODUCT_BUNDLE_IDENTIFIER = com.liuhongli.DesignPatternsUITests;
				PRODUCT_NAME = "$(TARGET_NAME)";
				SWIFT_VERSION = 5.0;
				TARGETED_DEVICE_FAMILY = "1,2";
				TEST_TARGET_NAME = DesignPatterns;
			};
			name = Release;
		};
/* End XCBuildConfiguration section */

/* Begin XCConfigurationList section */
		F260BBCB24A047A000D82AC8 /* Build configuration list for PBXProject "DesignPatterns" */ = {
			isa = XCConfigurationList;
			buildConfigurations = (
				F260BBFB24A047A300D82AC8 /* Debug */,
				F260BBFC24A047A300D82AC8 /* Release */,
			);
			defaultConfigurationIsVisible = 0;
			defaultConfigurationName = Release;
		};
		F260BBFD24A047A300D82AC8 /* Build configuration list for PBXNativeTarget "DesignPatterns" */ = {
			isa = XCConfigurationList;
			buildConfigurations = (
				F260BBFE24A047A300D82AC8 /* Debug */,
				F260BBFF24A047A300D82AC8 /* Release */,
			);
			defaultConfigurationIsVisible = 0;
			defaultConfigurationName = Release;
		};
		F260BC0024A047A300D82AC8 /* Build configuration list for PBXNativeTarget "DesignPatternsTests" */ = {
			isa = XCConfigurationList;
			buildConfigurations = (
				F260BC0124A047A300D82AC8 /* Debug */,
				F260BC0224A047A300D82AC8 /* Release */,
			);
			defaultConfigurationIsVisible = 0;
			defaultConfigurationName = Release;
		};
		F260BC0324A047A300D82AC8 /* Build configuration list for PBXNativeTarget "DesignPatternsUITests" */ = {
			isa = XCConfigurationList;
			buildConfigurations = (
				F260BC0424A047A300D82AC8 /* Debug */,
				F260BC0524A047A300D82AC8 /* Release */,
			);
			defaultConfigurationIsVisible = 0;
			defaultConfigurationName = Release;
		};
/* End XCConfigurationList section */

/* Begin XCVersionGroup section */
		F260BBD724A047A000D82AC8 /* DesignPatterns.xcdatamodeld */ = {
			isa = XCVersionGroup;
			children = (
				F260BBD824A047A000D82AC8 /* DesignPatterns.xcdatamodel */,
			);
			currentVersion = F260BBD824A047A000D82AC8 /* DesignPatterns.xcdatamodel */;
			path = DesignPatterns.xcdatamodeld;
			sourceTree = "<group>";
			versionGroupType = wrapper.xcdatamodel;
		};
/* End XCVersionGroup section */
	};
	rootObject = F260BBC824A047A000D82AC8 /* Project object */;
}
